
Microsoft Visual Studio Solution File, Format Version 12.00
# Visual Studio Version 17
VisualStudioVersion = 17.14.36518.9
MinimumVisualStudioVersion = 10.0.40219.1
Project("{FAE04EC0-301F-11D3-BF4B-00C04F79EFBC}") = "tp-web-equipo-3b", "tp-web-equipo-3b\tp-web-equipo-3b.csproj", "{F1F31493-2F3C-4278-BC48-E32021DC1341}"
EndProject
Project("{FAE04EC0-301F-11D3-BF4B-00C04F79EFBC}") = "Dominio", "Dominio\Dominio.csproj", "{7F91ACA2-229C-4530-9C76-DDECF2E84C46}"
EndProject
Project("{FAE04EC0-301F-11D3-BF4B-00C04F79EFBC}") = "SQL", "SQL\SQL.csproj", "{AC205AFE-AEDB-43FC-B5E4-885E9C5C50CB}"
EndProject
Global
	GlobalSection(SolutionConfigurationPlatforms) = preSolution
		Debug|Any CPU = Debug|Any CPU
		Release|Any CPU = Release|Any CPU
	EndGlobalSection
	GlobalSection(ProjectConfigurationPlatforms) = postSolution
		{F1F31493-2F3C-4278-BC48-E32021DC1341}.Debug|Any CPU.ActiveCfg = Debug|Any CPU
		{F1F31493-2F3C-4278-BC48-E32021DC1341}.Debug|Any CPU.Build.0 = Debug|Any CPU
		{F1F31493-2F3C-4278-BC48-E32021DC1341}.Release|Any CPU.ActiveCfg = Release|Any CPU
		{F1F31493-2F3C-4278-BC48-E32021DC1341}.Release|Any CPU.Build.0 = Release|Any CPU
		{7F91ACA2-229C-4530-9C76-DDECF2E84C46}.Debug|Any CPU.ActiveCfg = Debug|Any CPU
		{7F91ACA2-229C-4530-9C76-DDECF2E84C46}.Debug|Any CPU.Build.0 = Debug|Any CPU
		{7F91ACA2-229C-4530-9C76-DDECF2E84C46}.Release|Any CPU.ActiveCfg = Release|Any CPU
		{7F91ACA2-229C-4530-9C76-DDECF2E84C46}.Release|Any CPU.Build.0 = Release|Any CPU
		{AC205AFE-AEDB-43FC-B5E4-885E9C5C50CB}.Debug|Any CPU.ActiveCfg = Debug|Any CPU
		{AC205AFE-AEDB-43FC-B5E4-885E9C5C50CB}.Debug|Any CPU.Build.0 = Debug|Any CPU
		{AC205AFE-AEDB-43FC-B5E4-885E9C5C50CB}.Release|Any CPU.ActiveCfg = Release|Any CPU
		{AC205AFE-AEDB-43FC-B5E4-885E9C5C50CB}.Release|Any CPU.Build.0 = Release|Any CPU
	EndGlobalSection
	GlobalSection(SolutionProperties) = preSolution
		HideSolutionNode = FALSE
	EndGlobalSection
	GlobalSection(ExtensibilityGlobals) = postSolution
		SolutionGuid = {97180BA4-5406-4C28-A257-FB2CD83F838A}
	EndGlobalSection
EndGlobal
